
Microsoft Visual Studio Solution File, Format Version 12.00
# Visual Studio Version 17
VisualStudioVersion = 17.11.35327.3
MinimumVisualStudioVersion = 10.0.40219.1
Project("{FAE04EC0-301F-11D3-BF4B-00C04F79EFBC}") = "parcial2_NESTOR_ZALAZAR", "parcial2\parcial2_NESTOR_ZALAZAR.csproj", "{A53DBC43-C016-4F5A-9F11-A86BA9DEEC27}"
EndProject
Global
	GlobalSection(SolutionConfigurationPlatforms) = preSolution
		Debug|Any CPU = Debug|Any CPU
		Release|Any CPU = Release|Any CPU
	EndGlobalSection
	GlobalSection(ProjectConfigurationPlatforms) = postSolution
		{A53DBC43-C016-4F5A-9F11-A86BA9DEEC27}.Debug|Any CPU.ActiveCfg = Debug|Any CPU
		{A53DBC43-C016-4F5A-9F11-A86BA9DEEC27}.Debug|Any CPU.Build.0 = Debug|Any CPU
		{A53DBC43-C016-4F5A-9F11-A86BA9DEEC27}.Release|Any CPU.ActiveCfg = Release|Any CPU
		{A53DBC43-C016-4F5A-9F11-A86BA9DEEC27}.Release|Any CPU.Build.0 = Release|Any CPU
	EndGlobalSection
	GlobalSection(SolutionProperties) = preSolution
		HideSolutionNode = FALSE
	EndGlobalSection
	GlobalSection(ExtensibilityGlobals) = postSolution
		SolutionGuid = {EA2C894C-5A62-49BF-B1BD-EBB15EA95A7E}
	EndGlobalSection
EndGlobal
